// !$*UTF8*$!
{
	archiveVersion = 1;
	classes = {
	};
	objectVersion = 55;
	objects = {

/* Begin PBXBuildFile section */
		7836FBA727FD176C000268AD /* SceneDelegate.swift in Sources */ = {isa = PBXBuildFile; fileRef = 7836FBA627FD176C000268AD /* SceneDelegate.swift */; };
		7836FBA927FD176C000268AD /* ViewController.swift in Sources */ = {isa = PBXBuildFile; fileRef = 7836FBA827FD176C000268AD /* ViewController.swift */; };
		7836FBAC27FD176C000268AD /* Main.storyboard in Resources */ = {isa = PBXBuildFile; fileRef = 7836FBAA27FD176C000268AD /* Main.storyboard */; };
		7836FBAE27FD176D000268AD /* Assets.xcassets in Resources */ = {isa = PBXBuildFile; fileRef = 7836FBAD27FD176D000268AD /* Assets.xcassets */; };
		7836FBB127FD176D000268AD /* LaunchScreen.storyboard in Resources */ = {isa = PBXBuildFile; fileRef = 7836FBAF27FD176D000268AD /* LaunchScreen.storyboard */; };
		7836FBBC27FD176D000268AD /* My_Personal_RemainderTests.swift in Sources */ = {isa = PBXBuildFile; fileRef = 7836FBBB27FD176D000268AD /* My_Personal_RemainderTests.swift */; };
		7836FBC627FD176D000268AD /* My_Personal_RemainderUITests.swift in Sources */ = {isa = PBXBuildFile; fileRef = 7836FBC527FD176D000268AD /* My_Personal_RemainderUITests.swift */; };
		7836FBC827FD176D000268AD /* My_Personal_RemainderUITestsLaunchTests.swift in Sources */ = {isa = PBXBuildFile; fileRef = 7836FBC727FD176D000268AD /* My_Personal_RemainderUITestsLaunchTests.swift */; };
		785828622806299000DCC9EA /* App-Icon.png in Resources */ = {isa = PBXBuildFile; fileRef = 785828612806299000DCC9EA /* App-Icon.png */; };
		78582863280632AD00DCC9EA /* AppDelegate.swift in Sources */ = {isa = PBXBuildFile; fileRef = 7836FBA427FD176C000268AD /* AppDelegate.swift */; };
/* End PBXBuildFile section */

/* Begin PBXContainerItemProxy section */
		7836FBB827FD176D000268AD /* PBXContainerItemProxy */ = {
			isa = PBXContainerItemProxy;
			containerPortal = 7836FB9927FD176C000268AD /* Project object */;
			proxyType = 1;
			remoteGlobalIDString = 7836FBA027FD176C000268AD;
			remoteInfo = "My Personal Remainder";
		};
		7836FBC227FD176D000268AD /* PBXContainerItemProxy */ = {
			isa = PBXContainerItemProxy;
			containerPortal = 7836FB9927FD176C000268AD /* Project object */;
			proxyType = 1;
			remoteGlobalIDString = 7836FBA027FD176C000268AD;
			remoteInfo = "My Personal Remainder";
		};
/* End PBXContainerItemProxy section */

/* Begin PBXFileReference section */
		7836FBA127FD176C000268AD /* My Personal Remainder.app */ = {isa = PBXFileReference; explicitFileType = wrapper.application; includeInIndex = 0; path = "My Personal Remainder.app"; sourceTree = BUILT_PRODUCTS_DIR; };
		7836FBA427FD176C000268AD /* AppDelegate.swift */ = {isa = PBXFileReference; lastKnownFileType = sourcecode.swift; path = AppDelegate.swift; sourceTree = "<group>"; };
		7836FBA627FD176C000268AD /* SceneDelegate.swift */ = {isa = PBXFileReference; lastKnownFileType = sourcecode.swift; path = SceneDelegate.swift; sourceTree = "<group>"; };
		7836FBA827FD176C000268AD /* ViewController.swift */ = {isa = PBXFileReference; lastKnownFileType = sourcecode.swift; path = ViewController.swift; sourceTree = "<group>"; };
		7836FBAB27FD176C000268AD /* Base */ = {isa = PBXFileReference; lastKnownFileType = file.storyboard; name = Base; path = Base.lproj/Main.storyboard; sourceTree = "<group>"; };
		7836FBAD27FD176D000268AD /* Assets.xcassets */ = {isa = PBXFileReference; lastKnownFileType = folder.assetcatalog; path = Assets.xcassets; sourceTree = "<group>"; };
		7836FBB027FD176D000268AD /* Base */ = {isa = PBXFileReference; lastKnownFileType = file.storyboard; name = Base; path = Base.lproj/LaunchScreen.storyboard; sourceTree = "<group>"; };
		7836FBB227FD176D000268AD /* Info.plist */ = {isa = PBXFileReference; lastKnownFileType = text.plist.xml; path = Info.plist; sourceTree = "<group>"; };
		7836FBB727FD176D000268AD /* My Personal RemainderTests.xctest */ = {isa = PBXFileReference; explicitFileType = wrapper.cfbundle; includeInIndex = 0; path = "My Personal RemainderTests.xctest"; sourceTree = BUILT_PRODUCTS_DIR; };
		7836FBBB27FD176D000268AD /* My_Personal_RemainderTests.swift */ = {isa = PBXFileReference; lastKnownFileType = sourcecode.swift; path = My_Personal_RemainderTests.swift; sourceTree = "<group>"; };
		7836FBC127FD176D000268AD /* My Personal RemainderUITests.xctest */ = {isa = PBXFileReference; explicitFileType = wrapper.cfbundle; includeInIndex = 0; path = "My Personal RemainderUITests.xctest"; sourceTree = BUILT_PRODUCTS_DIR; };
		7836FBC527FD176D000268AD /* My_Personal_RemainderUITests.swift */ = {isa = PBXFileReference; lastKnownFileType = sourcecode.swift; path = My_Personal_RemainderUITests.swift; sourceTree = "<group>"; };
		7836FBC727FD176D000268AD /* My_Personal_RemainderUITestsLaunchTests.swift */ = {isa = PBXFileReference; lastKnownFileType = sourcecode.swift; path = My_Personal_RemainderUITestsLaunchTests.swift; sourceTree = "<group>"; };
		785828612806299000DCC9EA /* App-Icon.png */ = {isa = PBXFileReference; lastKnownFileType = image.png; name = "App-Icon.png"; path = "../../../../Desktop/App-Icon.png"; sourceTree = "<group>"; };
/* End PBXFileReference section */

/* Begin PBXFrameworksBuildPhase section */
		7836FB9E27FD176C000268AD /* Frameworks */ = {
			isa = PBXFrameworksBuildPhase;
			buildActionMask = 2147483647;
			files = (
			);
			runOnlyForDeploymentPostprocessing = 0;
		};
		7836FBB427FD176D000268AD /* Frameworks */ = {
			isa = PBXFrameworksBuildPhase;
			buildActionMask = 2147483647;
			files = (
			);
			runOnlyForDeploymentPostprocessing = 0;
		};
		7836FBBE27FD176D000268AD /* Frameworks */ = {
			isa = PBXFrameworksBuildPhase;
			buildActionMask = 2147483647;
			files = (
			);
			runOnlyForDeploymentPostprocessing = 0;
		};
/* End PBXFrameworksBuildPhase section */

/* Begin PBXGroup section */
		7836FB9827FD176C000268AD = {
			isa = PBXGroup;
			children = (
				7836FBA327FD176C000268AD /* My Personal Remainder */,
				7836FBBA27FD176D000268AD /* My Personal RemainderTests */,
				7836FBC427FD176D000268AD /* My Personal RemainderUITests */,
				7836FBA227FD176C000268AD /* Products */,
			);
			sourceTree = "<group>";
		};
		7836FBA227FD176C000268AD /* Products */ = {
			isa = PBXGroup;
			children = (
				7836FBA127FD176C000268AD /* My Personal Remainder.app */,
				7836FBB727FD176D000268AD /* My Personal RemainderTests.xctest */,
				7836FBC127FD176D000268AD /* My Personal RemainderUITests.xctest */,
			);
			name = Products;
			sourceTree = "<group>";
		};
		7836FBA327FD176C000268AD /* My Personal Remainder */ = {
			isa = PBXGroup;
			children = (
				7836FBA427FD176C000268AD /* AppDelegate.swift */,
				7836FBA627FD176C000268AD /* SceneDelegate.swift */,
				7836FBA827FD176C000268AD /* ViewController.swift */,
				7836FBAA27FD176C000268AD /* Main.storyboard */,
				7836FBAD27FD176D000268AD /* Assets.xcassets */,
				7836FBAF27FD176D000268AD /* LaunchScreen.storyboard */,
				7836FBB227FD176D000268AD /* Info.plist */,
				785828612806299000DCC9EA /* App-Icon.png */,
			);
			path = "My Personal Remainder";
			sourceTree = "<group>";
		};
		7836FBBA27FD176D000268AD /* My Personal RemainderTests */ = {
			isa = PBXGroup;
			children = (
				7836FBBB27FD176D000268AD /* My_Personal_RemainderTests.swift */,
			);
			path = "My Personal RemainderTests";
			sourceTree = "<group>";
		};
		7836FBC427FD176D000268AD /* My Personal RemainderUITests */ = {
			isa = PBXGroup;
			children = (
				7836FBC527FD176D000268AD /* My_Personal_RemainderUITests.swift */,
				7836FBC727FD176D000268AD /* My_Personal_RemainderUITestsLaunchTests.swift */,
			);
			path = "My Personal RemainderUITests";
			sourceTree = "<group>";
		};
/* End PBXGroup section */

/* Begin PBXNativeTarget section */
		7836FBA027FD176C000268AD /* My Personal Remainder */ = {
			isa = PBXNativeTarget;
			buildConfigurationList = 7836FBCB27FD176D000268AD /* Build configuration list for PBXNativeTarget "My Personal Remainder" */;
			buildPhases = (
				7836FB9D27FD176C000268AD /* Sources */,
				7836FB9E27FD176C000268AD /* Frameworks */,
				7836FB9F27FD176C000268AD /* Resources */,
			);
			buildRules = (
			);
			dependencies = (
			);
			name = "My Personal Remainder";
			productName = "My Personal Remainder";
			productReference = 7836FBA127FD176C000268AD /* My Personal Remainder.app */;
			productType = "com.apple.product-type.application";
		};
		7836FBB627FD176D000268AD /* My Personal RemainderTests */ = {
			isa = PBXNativeTarget;
			buildConfigurationList = 7836FBCE27FD176D000268AD /* Build configuration list for PBXNativeTarget "My Personal RemainderTests" */;
			buildPhases = (
				7836FBB327FD176D000268AD /* Sources */,
				7836FBB427FD176D000268AD /* Frameworks */,
				7836FBB527FD176D000268AD /* Resources */,
			);
			buildRules = (
			);
			dependencies = (
				7836FBB927FD176D000268AD /* PBXTargetDependency */,
			);
			name = "My Personal RemainderTests";
			productName = "My Personal RemainderTests";
			productReference = 7836FBB727FD176D000268AD /* My Personal RemainderTests.xctest */;
			productType = "com.apple.product-type.bundle.unit-test";
		};
		7836FBC027FD176D000268AD /* My Personal RemainderUITests */ = {
			isa = PBXNativeTarget;
			buildConfigurationList = 7836FBD127FD176D000268AD /* Build configuration list for PBXNativeTarget "My Personal RemainderUITests" */;
			buildPhases = (
				7836FBBD27FD176D000268AD /* Sources */,
				7836FBBE27FD176D000268AD /* Frameworks */,
				7836FBBF27FD176D000268AD /* Resources */,
			);
			buildRules = (
			);
			dependencies = (
				7836FBC327FD176D000268AD /* PBXTargetDependency */,
			);
			name = "My Personal RemainderUITests";
			productName = "My Personal RemainderUITests";
			productReference = 7836FBC127FD176D000268AD /* My Personal RemainderUITests.xctest */;
			productType = "com.apple.product-type.bundle.ui-testing";
		};
/* End PBXNativeTarget section */

/* Begin PBXProject section */
		7836FB9927FD176C000268AD /* Project object */ = {
			isa = PBXProject;
			attributes = {
				BuildIndependentTargetsInParallel = 1;
				LastSwiftUpdateCheck = 1330;
				LastUpgradeCheck = 1330;
				TargetAttributes = {
					7836FBA027FD176C000268AD = {
						CreatedOnToolsVersion = 13.3;
					};
					7836FBB627FD176D000268AD = {
						CreatedOnToolsVersion = 13.3;
						TestTargetID = 7836FBA027FD176C000268AD;
					};
					7836FBC027FD176D000268AD = {
						CreatedOnToolsVersion = 13.3;
						TestTargetID = 7836FBA027FD176C000268AD;
					};
				};
			};
			buildConfigurationList = 7836FB9C27FD176C000268AD /* Build configuration list for PBXProject "My Personal Remainder" */;
			compatibilityVersion = "Xcode 13.0";
			developmentRegion = en;
			hasScannedForEncodings = 0;
			knownRegions = (
				en,
				Base,
			);
			mainGroup = 7836FB9827FD176C000268AD;
			productRefGroup = 7836FBA227FD176C000268AD /* Products */;
			projectDirPath = "";
			projectRoot = "";
			targets = (
				7836FBA027FD176C000268AD /* My Personal Remainder */,
				7836FBB627FD176D000268AD /* My Personal RemainderTests */,
				7836FBC027FD176D000268AD /* My Personal RemainderUITests */,
			);
		};
/* End PBXProject section */

/* Begin PBXResourcesBuildPhase section */
		7836FB9F27FD176C000268AD /* Resources */ = {
			isa = PBXResourcesBuildPhase;
			buildActionMask = 2147483647;
			files = (
				7836FBB127FD176D000268AD /* LaunchScreen.storyboard in Resources */,
				7836FBAE27FD176D000268AD /* Assets.xcassets in Resources */,
				785828622806299000DCC9EA /* App-Icon.png in Resources */,
				7836FBAC27FD176C000268AD /* Main.storyboard in Resources */,
			);
			runOnlyForDeploymentPostprocessing = 0;
		};
		7836FBB527FD176D000268AD /* Resources */ = {
			isa = PBXResourcesBuildPhase;
			buildActionMask = 2147483647;
			files = (
			);
			runOnlyForDeploymentPostprocessing = 0;
		};
		7836FBBF27FD176D000268AD /* Resources */ = {
			isa = PBXResourcesBuildPhase;
			buildActionMask = 2147483647;
			files = (
			);
			runOnlyForDeploymentPostprocessing = 0;
		};
/* End PBXResourcesBuildPhase section */

/* Begin PBXSourcesBuildPhase section */
		7836FB9D27FD176C000268AD /* Sources */ = {
			isa = PBXSourcesBuildPhase;
			buildActionMask = 2147483647;
			files = (
				78582863280632AD00DCC9EA /* AppDelegate.swift in Sources */,
				7836FBA927FD176C000268AD /* ViewController.swift in Sources */,
				7836FBA727FD176C000268AD /* SceneDelegate.swift in Sources */,
			);
			runOnlyForDeploymentPostprocessing = 0;
		};
		7836FBB327FD176D000268AD /* Sources */ = {
			isa = PBXSourcesBuildPhase;
			buildActionMask = 2147483647;
			files = (
				7836FBBC27FD176D000268AD /* My_Personal_RemainderTests.swift in Sources */,
			);
			runOnlyForDeploymentPostprocessing = 0;
		};
		7836FBBD27FD176D000268AD /* Sources */ = {
			isa = PBXSourcesBuildPhase;
			buildActionMask = 2147483647;
			files = (
				7836FBC827FD176D000268AD /* My_Personal_RemainderUITestsLaunchTests.swift in Sources */,
				7836FBC627FD176D000268AD /* My_Personal_RemainderUITests.swift in Sources */,
			);
			runOnlyForDeploymentPostprocessing = 0;
		};
/* End PBXSourcesBuildPhase section */

/* Begin PBXTargetDependency section */
		7836FBB927FD176D000268AD /* PBXTargetDependency */ = {
			isa = PBXTargetDependency;
			target = 7836FBA027FD176C000268AD /* My Personal Remainder */;
			targetProxy = 7836FBB827FD176D000268AD /* PBXContainerItemProxy */;
		};
		7836FBC327FD176D000268AD /* PBXTargetDependency */ = {
			isa = PBXTargetDependency;
			target = 7836FBA027FD176C000268AD /* My Personal Remainder */;
			targetProxy = 7836FBC227FD176D000268AD /* PBXContainerItemProxy */;
		};
/* End PBXTargetDependency section */

/* Begin PBXVariantGroup section */
		7836FBAA27FD176C000268AD /* Main.storyboard */ = {
			isa = PBXVariantGroup;
			children = (
				7836FBAB27FD176C000268AD /* Base */,
			);
			name = Main.storyboard;
			sourceTree = "<group>";
		};
		7836FBAF27FD176D000268AD /* LaunchScreen.storyboard */ = {
			isa = PBXVariantGroup;
			children = (
				7836FBB027FD176D000268AD /* Base */,
			);
			name = LaunchScreen.storyboard;
			sourceTree = "<group>";
		};
/* End PBXVariantGroup section */

/* Begin XCBuildConfiguration section */
		7836FBC927FD176D000268AD /* Debug */ = {
			isa = XCBuildConfiguration;
			buildSettings = {
				ALWAYS_SEARCH_USER_PATHS = NO;
				CLANG_ANALYZER_NONNULL = YES;
				CLANG_ANALYZER_NUMBER_OBJECT_CONVERSION = YES_AGGRESSIVE;
				CLANG_CXX_LANGUAGE_STANDARD = "gnu++17";
				CLANG_ENABLE_MODULES = YES;
				CLANG_ENABLE_OBJC_ARC = YES;
				CLANG_ENABLE_OBJC_WEAK = YES;
				CLANG_WARN_BLOCK_CAPTURE_AUTORELEASING = YES;
				CLANG_WARN_BOOL_CONVERSION = YES;
				CLANG_WARN_COMMA = YES;
				CLANG_WARN_CONSTANT_CONVERSION = YES;
				CLANG_WARN_DEPRECATED_OBJC_IMPLEMENTATIONS = YES;
				CLANG_WARN_DIRECT_OBJC_ISA_USAGE = YES_ERROR;
				CLANG_WARN_DOCUMENTATION_COMMENTS = YES;
				CLANG_WARN_EMPTY_BODY = YES;
				CLANG_WARN_ENUM_CONVERSION = YES;
				CLANG_WARN_INFINITE_RECURSION = YES;
				CLANG_WARN_INT_CONVERSION = YES;
				CLANG_WARN_NON_LITERAL_NULL_CONVERSION = YES;
				CLANG_WARN_OBJC_IMPLICIT_RETAIN_SELF = YES;
				CLANG_WARN_OBJC_LITERAL_CONVERSION = YES;
				CLANG_WARN_OBJC_ROOT_CLASS = YES_ERROR;
				CLANG_WARN_QUOTED_INCLUDE_IN_FRAMEWORK_HEADER = YES;
				CLANG_WARN_RANGE_LOOP_ANALYSIS = YES;
				CLANG_WARN_STRICT_PROTOTYPES = YES;
				CLANG_WARN_SUSPICIOUS_MOVE = YES;
				CLANG_WARN_UNGUARDED_AVAILABILITY = YES_AGGRESSIVE;
				CLANG_WARN_UNREACHABLE_CODE = YES;
				CLANG_WARN__DUPLICATE_METHOD_MATCH = YES;
				COPY_PHASE_STRIP = NO;
				DEBUG_INFORMATION_FORMAT = dwarf;
				ENABLE_STRICT_OBJC_MSGSEND = YES;
				ENABLE_TESTABILITY = YES;
				GCC_C_LANGUAGE_STANDARD = gnu11;
				GCC_DYNAMIC_NO_PIC = NO;
				GCC_NO_COMMON_BLOCKS = YES;
				GCC_OPTIMIZATION_LEVEL = 0;
				GCC_PREPROCESSOR_DEFINITIONS = (
					"DEBUG=1",
					"$(inherited)",
				);
				GCC_WARN_64_TO_32_BIT_CONVERSION = YES;
				GCC_WARN_ABOUT_RETURN_TYPE = YES_ERROR;
				GCC_WARN_UNDECLARED_SELECTOR = YES;
				GCC_WARN_UNINITIALIZED_AUTOS = YES_AGGRESSIVE;
				GCC_WARN_UNUSED_FUNCTION = YES;
				GCC_WARN_UNUSED_VARIABLE = YES;
				IPHONEOS_DEPLOYMENT_TARGET = 15.4;
				MTL_ENABLE_DEBUG_INFO = INCLUDE_SOURCE;
				MTL_FAST_MATH = YES;
				ONLY_ACTIVE_ARCH = YES;
				SDKROOT = iphoneos;
				SWIFT_ACTIVE_COMPILATION_CONDITIONS = DEBUG;
				SWIFT_OPTIMIZATION_LEVEL = "-Onone";
			};
			name = Debug;
		};
		7836FBCA27FD176D000268AD /* Release */ = {
			isa = XCBuildConfiguration;
			buildSettings = {
				ALWAYS_SEARCH_USER_PATHS = NO;
				CLANG_ANALYZER_NONNULL = YES;
				CLANG_ANALYZER_NUMBER_OBJECT_CONVERSION = YES_AGGRESSIVE;
				CLANG_CXX_LANGUAGE_STANDARD = "gnu++17";
				CLANG_ENABLE_MODULES = YES;
				CLANG_ENABLE_OBJC_ARC = YES;
				CLANG_ENABLE_OBJC_WEAK = YES;
				CLANG_WARN_BLOCK_CAPTURE_AUTORELEASING = YES;
				CLANG_WARN_BOOL_CONVERSION = YES;
				CLANG_WARN_COMMA = YES;
				CLANG_WARN_CONSTANT_CONVERSION = YES;
				CLANG_WARN_DEPRECATED_OBJC_IMPLEMENTATIONS = YES;
				CLANG_WARN_DIRECT_OBJC_ISA_USAGE = YES_ERROR;
				CLANG_WARN_DOCUMENTATION_COMMENTS = YES;
				CLANG_WARN_EMPTY_BODY = YES;
				CLANG_WARN_ENUM_CONVERSION = YES;
				CLANG_WARN_INFINITE_RECURSION = YES;
				CLANG_WARN_INT_CONVERSION = YES;
				CLANG_WARN_NON_LITERAL_NULL_CONVERSION = YES;
				CLANG_WARN_OBJC_IMPLICIT_RETAIN_SELF = YES;
				CLANG_WARN_OBJC_LITERAL_CONVERSION = YES;
				CLANG_WARN_OBJC_ROOT_CLASS = YES_ERROR;
				CLANG_WARN_QUOTED_INCLUDE_IN_FRAMEWORK_HEADER = YES;
				CLANG_WARN_RANGE_LOOP_ANALYSIS = YES;
				CLANG_WARN_STRICT_PROTOTYPES = YES;
				CLANG_WARN_SUSPICIOUS_MOVE = YES;
				CLANG_WARN_UNGUARDED_AVAILABILITY = YES_AGGRESSIVE;
				CLANG_WARN_UNREACHABLE_CODE = YES;
				CLANG_WARN__DUPLICATE_METHOD_MATCH = YES;
				COPY_PHASE_STRIP = NO;
				DEBUG_INFORMATION_FORMAT = "dwarf-with-dsym";
				ENABLE_NS_ASSERTIONS = NO;
				ENABLE_STRICT_OBJC_MSGSEND = YES;
				GCC_C_LANGUAGE_STANDARD = gnu11;
				GCC_NO_COMMON_BLOCKS = YES;
				GCC_WARN_64_TO_32_BIT_CONVERSION = YES;
				GCC_WARN_ABOUT_RETURN_TYPE = YES_ERROR;
				GCC_WARN_UNDECLARED_SELECTOR = YES;
				GCC_WARN_UNINITIALIZED_AUTOS = YES_AGGRESSIVE;
				GCC_WARN_UNUSED_FUNCTION = YES;
				GCC_WARN_UNUSED_VARIABLE = YES;
				IPHONEOS_DEPLOYMENT_TARGET = 15.4;
				MTL_ENABLE_DEBUG_INFO = NO;
				MTL_FAST_MATH = YES;
				SDKROOT = iphoneos;
				SWIFT_COMPILATION_MODE = wholemodule;
				SWIFT_OPTIMIZATION_LEVEL = "-O";
				VALIDATE_PRODUCT = YES;
			};
			name = Release;
		};
		7836FBCC27FD176D000268AD /* Debug */ = {
			isa = XCBuildConfiguration;
			buildSettings = {
				ASSETCATALOG_COMPILER_APPICON_NAME = AppIcon;
				ASSETCATALOG_COMPILER_GLOBAL_ACCENT_COLOR_NAME = AccentColor;
				CODE_SIGN_STYLE = Automatic;
				CURRENT_PROJECT_VERSION = 1;
				DEVELOPMENT_TEAM = 9365D56UV9;
				GENERATE_INFOPLIST_FILE = YES;
				INFOPLIST_FILE = "My Personal Remainder/Info.plist";
				INFOPLIST_KEY_UIApplicationSupportsIndirectInputEvents = YES;
				INFOPLIST_KEY_UILaunchStoryboardName = LaunchScreen;
				INFOPLIST_KEY_UIMainStoryboardFile = Main;
				INFOPLIST_KEY_UISupportedInterfaceOrientations_iPad = "UIInterfaceOrientationPortrait UIInterfaceOrientationPortraitUpsideDown UIInterfaceOrientationLandscapeLeft UIInterfaceOrientationLandscapeRight";
				INFOPLIST_KEY_UISupportedInterfaceOrientations_iPhone = "UIInterfaceOrientationPortrait UIInterfaceOrientationLandscapeLeft UIInterfaceOrientationLandscapeRight";
				LD_RUNPATH_SEARCH_PATHS = (
					"$(inherited)",
					"@executable_path/Frameworks",
				);
				MARKETING_VERSION = 1.0;
				PRODUCT_BUNDLE_IDENTIFIER = "edu.newhaven.My-Personal-Remainder";
				PRODUCT_NAME = "$(TARGET_NAME)";
				SWIFT_EMIT_LOC_STRINGS = YES;
				SWIFT_VERSION = 5.0;
				TARGETED_DEVICE_FAMILY = "1,2";
			};
			name = Debug;
		};
		7836FBCD27FD176D000268AD /* Release */ = {
			isa = XCBuildConfiguration;
			buildSettings = {
				ASSETCATALOG_COMPILER_APPICON_NAME = AppIcon;
				ASSETCATALOG_COMPILER_GLOBAL_ACCENT_COLOR_NAME = AccentColor;
				CODE_SIGN_STYLE = Automatic;
				CURRENT_PROJECT_VERSION = 1;
				DEVELOPMENT_TEAM = 9365D56UV9;
				GENERATE_INFOPLIST_FILE = YES;
				INFOPLIST_FILE = "My Personal Remainder/Info.plist";
				INFOPLIST_KEY_UIApplicationSupportsIndirectInputEvents = YES;
				INFOPLIST_KEY_UILaunchStoryboardName = LaunchScreen;
				INFOPLIST_KEY_UIMainStoryboardFile = Main;
				INFOPLIST_KEY_UISupportedInterfaceOrientations_iPad = "UIInterfaceOrientationPortrait UIInterfaceOrientationPortraitUpsideDown UIInterfaceOrientationLandscapeLeft UIInterfaceOrientationLandscapeRight";
				INFOPLIST_KEY_UISupportedInterfaceOrientations_iPhone = "UIInterfaceOrientationPortrait UIInterfaceOrientationLandscapeLeft UIInterfaceOrientationLandscapeRight";
				LD_RUNPATH_SEARCH_PATHS = (
					"$(inherited)",
					"@executable_path/Frameworks",
				);
				MARKETING_VERSION = 1.0;
				PRODUCT_BUNDLE_IDENTIFIER = "edu.newhaven.My-Personal-Remainder";
				PRODUCT_NAME = "$(TARGET_NAME)";
				SWIFT_EMIT_LOC_STRINGS = YES;
				SWIFT_VERSION = 5.0;
				TARGETED_DEVICE_FAMILY = "1,2";
			};
			name = Release;
		};
		7836FBCF27FD176D000268AD /* Debug */ = {
			isa = XCBuildConfiguration;
			buildSettings = {
				ALWAYS_EMBED_SWIFT_STANDARD_LIBRARIES = YES;
				BUNDLE_LOADER = "$(TEST_HOST)";
				"CODE_SIGN_IDENTITY[sdk=macosx*]" = "Apple Development";
				CODE_SIGN_STYLE = Automatic;
				CURRENT_PROJECT_VERSION = 1;
				DEVELOPMENT_TEAM = 9365D56UV9;
				GENERATE_INFOPLIST_FILE = YES;
				IPHONEOS_DEPLOYMENT_TARGET = 15.4;
				MARKETING_VERSION = 1.0;
				PRODUCT_BUNDLE_IDENTIFIER = "edu.newhaven.My-Personal-RemainderTests";
				PRODUCT_NAME = "$(TARGET_NAME)";
				SWIFT_EMIT_LOC_STRINGS = NO;
				SWIFT_VERSION = 5.0;
				TARGETED_DEVICE_FAMILY = "1,2";
				TEST_HOST = "$(BUILT_PRODUCTS_DIR)/My Personal Remainder.app/My Personal Remainder";
			};
			name = Debug;
		};
		7836FBD027FD176D000268AD /* Release */ = {
			isa = XCBuildConfiguration;
			buildSettings = {
				ALWAYS_EMBED_SWIFT_STANDARD_LIBRARIES = YES;
				BUNDLE_LOADER = "$(TEST_HOST)";
				"CODE_SIGN_IDENTITY[sdk=macosx*]" = "Apple Development";
				CODE_SIGN_STYLE = Automatic;
				CURRENT_PROJECT_VERSION = 1;
				DEVELOPMENT_TEAM = 9365D56UV9;
				GENERATE_INFOPLIST_FILE = YES;
				IPHONEOS_DEPLOYMENT_TARGET = 15.4;
				MARKETING_VERSION = 1.0;
				PRODUCT_BUNDLE_IDENTIFIER = "edu.newhaven.My-Personal-RemainderTests";
				PRODUCT_NAME = "$(TARGET_NAME)";
				SWIFT_EMIT_LOC_STRINGS = NO;
				SWIFT_VERSION = 5.0;
				TARGETED_DEVICE_FAMILY = "1,2";
				TEST_HOST = "$(BUILT_PRODUCTS_DIR)/My Personal Remainder.app/My Personal Remainder";
			};
			name = Release;
		};
		7836FBD227FD176D000268AD /* Debug */ = {
			isa = XCBuildConfiguration;
			buildSettings = {
				ALWAYS_EMBED_SWIFT_STANDARD_LIBRARIES = YES;
				CODE_SIGN_STYLE = Automatic;
				CURRENT_PROJECT_VERSION = 1;
				DEVELOPMENT_TEAM = 9365D56UV9;
				GENERATE_INFOPLIST_FILE = YES;
				MARKETING_VERSION = 1.0;
				PRODUCT_BUNDLE_IDENTIFIER = "edu.newhaven.My-Personal-RemainderUITests";
				PRODUCT_NAME = "$(TARGET_NAME)";
				SWIFT_EMIT_LOC_STRINGS = NO;
				SWIFT_VERSION = 5.0;
				TARGETED_DEVICE_FAMILY = "1,2";
				TEST_TARGET_NAME = "My Personal Remainder";
			};
			name = Debug;
		};
		7836FBD327FD176D000268AD /* Release */ = {
			isa = XCBuildConfiguration;
			buildSettings = {
				ALWAYS_EMBED_SWIFT_STANDARD_LIBRARIES = YES;
				CODE_SIGN_STYLE = Automatic;
				CURRENT_PROJECT_VERSION = 1;
				DEVELOPMENT_TEAM = 9365D56UV9;
				GENERATE_INFOPLIST_FILE = YES;
				MARKETING_VERSION = 1.0;
				PRODUCT_BUNDLE_IDENTIFIER = "edu.newhaven.My-Personal-RemainderUITests";
				PRODUCT_NAME = "$(TARGET_NAME)";
				SWIFT_EMIT_LOC_STRINGS = NO;
				SWIFT_VERSION = 5.0;
				TARGETED_DEVICE_FAMILY = "1,2";
				TEST_TARGET_NAME = "My Personal Remainder";
			};
			name = Release;
		};
/* End XCBuildConfiguration section */

/* Begin XCConfigurationList section */
		7836FB9C27FD176C000268AD /* Build configuration list for PBXProject "My Personal Remainder" */ = {
			isa = XCConfigurationList;
			buildConfigurations = (
				7836FBC927FD176D000268AD /* Debug */,
				7836FBCA27FD176D000268AD /* Release */,
			);
			defaultConfigurationIsVisible = 0;
			defaultConfigurationName = Release;
		};
		7836FBCB27FD176D000268AD /* Build configuration list for PBXNativeTarget "My Personal Remainder" */ = {
			isa = XCConfigurationList;
			buildConfigurations = (
				7836FBCC27FD176D000268AD /* Debug */,
				7836FBCD27FD176D000268AD /* Release */,
			);
			defaultConfigurationIsVisible = 0;
			defaultConfigurationName = Release;
		};
		7836FBCE27FD176D000268AD /* Build configuration list for PBXNativeTarget "My Personal RemainderTests" */ = {
			isa = XCConfigurationList;
			buildConfigurations = (
				7836FBCF27FD176D000268AD /* Debug */,
				7836FBD027FD176D000268AD /* Release */,
			);
			defaultConfigurationIsVisible = 0;
			defaultConfigurationName = Release;
		};
		7836FBD127FD176D000268AD /* Build configuration list for PBXNativeTarget "My Personal RemainderUITests" */ = {
			isa = XCConfigurationList;
			buildConfigurations = (
				7836FBD227FD176D000268AD /* Debug */,
				7836FBD327FD176D000268AD /* Release */,
			);
			defaultConfigurationIsVisible = 0;
			defaultConfigurationName = Release;
		};
/* End XCConfigurationList section */
	};
	rootObject = 7836FB9927FD176C000268AD /* Project object */;
}
